// !$*UTF8*$!
{
	archiveVersion = 1;
	classes = {
	};
	objectVersion = 56;
	objects = {

/* Begin PBXBuildFile section */
		30303D502A923A1300616668 /* AppDelegate.swift in Sources */ = {isa = PBXBuildFile; fileRef = 30303D4F2A923A1300616668 /* AppDelegate.swift */; };
		30303D522A923A1300616668 /* SceneDelegate.swift in Sources */ = {isa = PBXBuildFile; fileRef = 30303D512A923A1300616668 /* SceneDelegate.swift */; };
		30303D542A923A1300616668 /* ViewController.swift in Sources */ = {isa = PBXBuildFile; fileRef = 30303D532A923A1300616668 /* ViewController.swift */; };
		30303D572A923A1300616668 /* Main.storyboard in Resources */ = {isa = PBXBuildFile; fileRef = 30303D552A923A1300616668 /* Main.storyboard */; };
		30303D5A2A923A1300616668 /* Save_Picture_And_Detail.xcdatamodeld in Sources */ = {isa = PBXBuildFile; fileRef = 30303D582A923A1300616668 /* Save_Picture_And_Detail.xcdatamodeld */; };
		30303D5C2A923A1400616668 /* Assets.xcassets in Resources */ = {isa = PBXBuildFile; fileRef = 30303D5B2A923A1400616668 /* Assets.xcassets */; };
		30303D5F2A923A1400616668 /* LaunchScreen.storyboard in Resources */ = {isa = PBXBuildFile; fileRef = 30303D5D2A923A1400616668 /* LaunchScreen.storyboard */; };
		30303D6B2A923FFA00616668 /* DetailsViewController.swift in Sources */ = {isa = PBXBuildFile; fileRef = 30303D6A2A923FFA00616668 /* DetailsViewController.swift */; };
/* End PBXBuildFile section */

/* Begin PBXFileReference section */
		30303D4C2A923A1300616668 /* Save Picture And Detail.app */ = {isa = PBXFileReference; explicitFileType = wrapper.application; includeInIndex = 0; path = "Save Picture And Detail.app"; sourceTree = BUILT_PRODUCTS_DIR; };
		30303D4F2A923A1300616668 /* AppDelegate.swift */ = {isa = PBXFileReference; lastKnownFileType = sourcecode.swift; path = AppDelegate.swift; sourceTree = "<group>"; };
		30303D512A923A1300616668 /* SceneDelegate.swift */ = {isa = PBXFileReference; lastKnownFileType = sourcecode.swift; path = SceneDelegate.swift; sourceTree = "<group>"; };
		30303D532A923A1300616668 /* ViewController.swift */ = {isa = PBXFileReference; lastKnownFileType = sourcecode.swift; path = ViewController.swift; sourceTree = "<group>"; };
		30303D562A923A1300616668 /* Base */ = {isa = PBXFileReference; lastKnownFileType = file.storyboard; name = Base; path = Base.lproj/Main.storyboard; sourceTree = "<group>"; };
		30303D592A923A1300616668 /* Save_Picture_And_Detail.xcdatamodel */ = {isa = PBXFileReference; lastKnownFileType = wrapper.xcdatamodel; path = Save_Picture_And_Detail.xcdatamodel; sourceTree = "<group>"; };
		30303D5B2A923A1400616668 /* Assets.xcassets */ = {isa = PBXFileReference; lastKnownFileType = folder.assetcatalog; path = Assets.xcassets; sourceTree = "<group>"; };
		30303D5E2A923A1400616668 /* Base */ = {isa = PBXFileReference; lastKnownFileType = file.storyboard; name = Base; path = Base.lproj/LaunchScreen.storyboard; sourceTree = "<group>"; };
		30303D602A923A1400616668 /* Info.plist */ = {isa = PBXFileReference; lastKnownFileType = text.plist.xml; path = Info.plist; sourceTree = "<group>"; };
		30303D6A2A923FFA00616668 /* DetailsViewController.swift */ = {isa = PBXFileReference; lastKnownFileType = sourcecode.swift; path = DetailsViewController.swift; sourceTree = "<group>"; };
/* End PBXFileReference section */

/* Begin PBXFrameworksBuildPhase section */
		30303D492A923A1200616668 /* Frameworks */ = {
			isa = PBXFrameworksBuildPhase;
			buildActionMask = 2147483647;
			files = (
			);
			runOnlyForDeploymentPostprocessing = 0;
		};
/* End PBXFrameworksBuildPhase section */

/* Begin PBXGroup section */
		30303D432A923A1200616668 = {
			isa = PBXGroup;
			children = (
				30303D4E2A923A1300616668 /* Save Picture And Detail */,
				30303D4D2A923A1300616668 /* Products */,
			);
			sourceTree = "<group>";
		};
		30303D4D2A923A1300616668 /* Products */ = {
			isa = PBXGroup;
			children = (
				30303D4C2A923A1300616668 /* Save Picture And Detail.app */,
			);
			name = Products;
			sourceTree = "<group>";
		};
		30303D4E2A923A1300616668 /* Save Picture And Detail */ = {
			isa = PBXGroup;
			children = (
				30303D682A923A8B00616668 /* Controllers */,
				30303D672A923A7B00616668 /* Views */,
				30303D662A923A5C00616668 /* SupportingFiles */,
			);
			path = "Save Picture And Detail";
			sourceTree = "<group>";
		};
		30303D662A923A5C00616668 /* SupportingFiles */ = {
			isa = PBXGroup;
			children = (
				30303D4F2A923A1300616668 /* AppDelegate.swift */,
				30303D512A923A1300616668 /* SceneDelegate.swift */,
				30303D5B2A923A1400616668 /* Assets.xcassets */,
				30303D5D2A923A1400616668 /* LaunchScreen.storyboard */,
				30303D602A923A1400616668 /* Info.plist */,
				30303D582A923A1300616668 /* Save_Picture_And_Detail.xcdatamodeld */,
			);
			path = SupportingFiles;
			sourceTree = "<group>";
		};
		30303D672A923A7B00616668 /* Views */ = {
			isa = PBXGroup;
			children = (
				30303D552A923A1300616668 /* Main.storyboard */,
			);
			path = Views;
			sourceTree = "<group>";
		};
		30303D682A923A8B00616668 /* Controllers */ = {
			isa = PBXGroup;
			children = (
				30303D532A923A1300616668 /* ViewController.swift */,
				30303D6A2A923FFA00616668 /* DetailsViewController.swift */,
			);
			path = Controllers;
			sourceTree = "<group>";
		};
/* End PBXGroup section */

/* Begin PBXNativeTarget section */
		30303D4B2A923A1200616668 /* Save Picture And Detail */ = {
			isa = PBXNativeTarget;
			buildConfigurationList = 30303D632A923A1400616668 /* Build configuration list for PBXNativeTarget "Save Picture And Detail" */;
			buildPhases = (
				30303D482A923A1200616668 /* Sources */,
				30303D492A923A1200616668 /* Frameworks */,
				30303D4A2A923A1200616668 /* Resources */,
			);
			buildRules = (
			);
			dependencies = (
			);
			name = "Save Picture And Detail";
			productName = "Save Picture And Detail";
			productReference = 30303D4C2A923A1300616668 /* Save Picture And Detail.app */;
			productType = "com.apple.product-type.application";
		};
/* End PBXNativeTarget section */

/* Begin PBXProject section */
		30303D442A923A1200616668 /* Project object */ = {
			isa = PBXProject;
			attributes = {
				BuildIndependentTargetsInParallel = 1;
				LastSwiftUpdateCheck = 1430;
				LastUpgradeCheck = 1430;
				TargetAttributes = {
					30303D4B2A923A1200616668 = {
						CreatedOnToolsVersion = 14.3.1;
					};
				};
			};
			buildConfigurationList = 30303D472A923A1200616668 /* Build configuration list for PBXProject "Save Picture And Detail" */;
			compatibilityVersion = "Xcode 14.0";
			developmentRegion = en;
			hasScannedForEncodings = 0;
			knownRegions = (
				en,
				Base,
			);
			mainGroup = 30303D432A923A1200616668;
			productRefGroup = 30303D4D2A923A1300616668 /* Products */;
			projectDirPath = "";
			projectRoot = "";
			targets = (
				30303D4B2A923A1200616668 /* Save Picture And Detail */,
			);
		};
/* End PBXProject section */

/* Begin PBXResourcesBuildPhase section */
		30303D4A2A923A1200616668 /* Resources */ = {
			isa = PBXResourcesBuildPhase;
			buildActionMask = 2147483647;
			files = (
				30303D5F2A923A1400616668 /* LaunchScreen.storyboard in Resources */,
				30303D5C2A923A1400616668 /* Assets.xcassets in Resources */,
				30303D572A923A1300616668 /* Main.storyboard in Resources */,
			);
			runOnlyForDeploymentPostprocessing = 0;
		};
/* End PBXResourcesBuildPhase section */

/* Begin PBXSourcesBuildPhase section */
		30303D482A923A1200616668 /* Sources */ = {
			isa = PBXSourcesBuildPhase;
			buildActionMask = 2147483647;
			files = (
				30303D542A923A1300616668 /* ViewController.swift in Sources */,
				30303D502A923A1300616668 /* AppDelegate.swift in Sources */,
				30303D5A2A923A1300616668 /* Save_Picture_And_Detail.xcdatamodeld in Sources */,
				30303D522A923A1300616668 /* SceneDelegate.swift in Sources */,
				30303D6B2A923FFA00616668 /* DetailsViewController.swift in Sources */,
			);
			runOnlyForDeploymentPostprocessing = 0;
		};
/* End PBXSourcesBuildPhase section */

/* Begin PBXVariantGroup section */
		30303D552A923A1300616668 /* Main.storyboard */ = {
			isa = PBXVariantGroup;
			children = (
				30303D562A923A1300616668 /* Base */,
			);
			name = Main.storyboard;
			sourceTree = "<group>";
		};
		30303D5D2A923A1400616668 /* LaunchScreen.storyboard */ = {
			isa = PBXVariantGroup;
			children = (
				30303D5E2A923A1400616668 /* Base */,
			);
			name = LaunchScreen.storyboard;
			sourceTree = "<group>";
		};
/* End PBXVariantGroup section */

/* Begin XCBuildConfiguration section */
		30303D612A923A1400616668 /* Debug */ = {
			isa = XCBuildConfiguration;
			buildSettings = {
				ALWAYS_SEARCH_USER_PATHS = NO;
				CLANG_ANALYZER_NONNULL = YES;
				CLANG_ANALYZER_NUMBER_OBJECT_CONVERSION = YES_AGGRESSIVE;
				CLANG_CXX_LANGUAGE_STANDARD = "gnu++20";
				CLANG_ENABLE_MODULES = YES;
				CLANG_ENABLE_OBJC_ARC = YES;
				CLANG_ENABLE_OBJC_WEAK = YES;
				CLANG_WARN_BLOCK_CAPTURE_AUTORELEASING = YES;
				CLANG_WARN_BOOL_CONVERSION = YES;
				CLANG_WARN_COMMA = YES;
				CLANG_WARN_CONSTANT_CONVERSION = YES;
				CLANG_WARN_DEPRECATED_OBJC_IMPLEMENTATIONS = YES;
				CLANG_WARN_DIRECT_OBJC_ISA_USAGE = YES_ERROR;
				CLANG_WARN_DOCUMENTATION_COMMENTS = YES;
				CLANG_WARN_EMPTY_BODY = YES;
				CLANG_WARN_ENUM_CONVERSION = YES;
				CLANG_WARN_INFINITE_RECURSION = YES;
				CLANG_WARN_INT_CONVERSION = YES;
				CLANG_WARN_NON_LITERAL_NULL_CONVERSION = YES;
				CLANG_WARN_OBJC_IMPLICIT_RETAIN_SELF = YES;
				CLANG_WARN_OBJC_LITERAL_CONVERSION = YES;
				CLANG_WARN_OBJC_ROOT_CLASS = YES_ERROR;
				CLANG_WARN_QUOTED_INCLUDE_IN_FRAMEWORK_HEADER = YES;
				CLANG_WARN_RANGE_LOOP_ANALYSIS = YES;
				CLANG_WARN_STRICT_PROTOTYPES = YES;
				CLANG_WARN_SUSPICIOUS_MOVE = YES;
				CLANG_WARN_UNGUARDED_AVAILABILITY = YES_AGGRESSIVE;
				CLANG_WARN_UNREACHABLE_CODE = YES;
				CLANG_WARN__DUPLICATE_METHOD_MATCH = YES;
				COPY_PHASE_STRIP = NO;
				DEBUG_INFORMATION_FORMAT = dwarf;
				ENABLE_STRICT_OBJC_MSGSEND = YES;
				ENABLE_TESTABILITY = YES;
				GCC_C_LANGUAGE_STANDARD = gnu11;
				GCC_DYNAMIC_NO_PIC = NO;
				GCC_NO_COMMON_BLOCKS = YES;
				GCC_OPTIMIZATION_LEVEL = 0;
				GCC_PREPROCESSOR_DEFINITIONS = (
					"DEBUG=1",
					"$(inherited)",
				);
				GCC_WARN_64_TO_32_BIT_CONVERSION = YES;
				GCC_WARN_ABOUT_RETURN_TYPE = YES_ERROR;
				GCC_WARN_UNDECLARED_SELECTOR = YES;
				GCC_WARN_UNINITIALIZED_AUTOS = YES_AGGRESSIVE;
				GCC_WARN_UNUSED_FUNCTION = YES;
				GCC_WARN_UNUSED_VARIABLE = YES;
				IPHONEOS_DEPLOYMENT_TARGET = 16.4;
				MTL_ENABLE_DEBUG_INFO = INCLUDE_SOURCE;
				MTL_FAST_MATH = YES;
				ONLY_ACTIVE_ARCH = YES;
				SDKROOT = iphoneos;
				SWIFT_ACTIVE_COMPILATION_CONDITIONS = DEBUG;
				SWIFT_OPTIMIZATION_LEVEL = "-Onone";
			};
			name = Debug;
		};
		30303D622A923A1400616668 /* Release */ = {
			isa = XCBuildConfiguration;
			buildSettings = {
				ALWAYS_SEARCH_USER_PATHS = NO;
				CLANG_ANALYZER_NONNULL = YES;
				CLANG_ANALYZER_NUMBER_OBJECT_CONVERSION = YES_AGGRESSIVE;
				CLANG_CXX_LANGUAGE_STANDARD = "gnu++20";
				CLANG_ENABLE_MODULES = YES;
				CLANG_ENABLE_OBJC_ARC = YES;
				CLANG_ENABLE_OBJC_WEAK = YES;
				CLANG_WARN_BLOCK_CAPTURE_AUTORELEASING = YES;
				CLANG_WARN_BOOL_CONVERSION = YES;
				CLANG_WARN_COMMA = YES;
				CLANG_WARN_CONSTANT_CONVERSION = YES;
				CLANG_WARN_DEPRECATED_OBJC_IMPLEMENTATIONS = YES;
				CLANG_WARN_DIRECT_OBJC_ISA_USAGE = YES_ERROR;
				CLANG_WARN_DOCUMENTATION_COMMENTS = YES;
				CLANG_WARN_EMPTY_BODY = YES;
				CLANG_WARN_ENUM_CONVERSION = YES;
				CLANG_WARN_INFINITE_RECURSION = YES;
				CLANG_WARN_INT_CONVERSION = YES;
				CLANG_WARN_NON_LITERAL_NULL_CONVERSION = YES;
				CLANG_WARN_OBJC_IMPLICIT_RETAIN_SELF = YES;
				CLANG_WARN_OBJC_LITERAL_CONVERSION = YES;
				CLANG_WARN_OBJC_ROOT_CLASS = YES_ERROR;
				CLANG_WARN_QUOTED_INCLUDE_IN_FRAMEWORK_HEADER = YES;
				CLANG_WARN_RANGE_LOOP_ANALYSIS = YES;
				CLANG_WARN_STRICT_PROTOTYPES = YES;
				CLANG_WARN_SUSPICIOUS_MOVE = YES;
				CLANG_WARN_UNGUARDED_AVAILABILITY = YES_AGGRESSIVE;
				CLANG_WARN_UNREACHABLE_CODE = YES;
				CLANG_WARN__DUPLICATE_METHOD_MATCH = YES;
				COPY_PHASE_STRIP = NO;
				DEBUG_INFORMATION_FORMAT = "dwarf-with-dsym";
				ENABLE_NS_ASSERTIONS = NO;
				ENABLE_STRICT_OBJC_MSGSEND = YES;
				GCC_C_LANGUAGE_STANDARD = gnu11;
				GCC_NO_COMMON_BLOCKS = YES;
				GCC_WARN_64_TO_32_BIT_CONVERSION = YES;
				GCC_WARN_ABOUT_RETURN_TYPE = YES_ERROR;
				GCC_WARN_UNDECLARED_SELECTOR = YES;
				GCC_WARN_UNINITIALIZED_AUTOS = YES_AGGRESSIVE;
				GCC_WARN_UNUSED_FUNCTION = YES;
				GCC_WARN_UNUSED_VARIABLE = YES;
				IPHONEOS_DEPLOYMENT_TARGET = 16.4;
				MTL_ENABLE_DEBUG_INFO = NO;
				MTL_FAST_MATH = YES;
				SDKROOT = iphoneos;
				SWIFT_COMPILATION_MODE = wholemodule;
				SWIFT_OPTIMIZATION_LEVEL = "-O";
				VALIDATE_PRODUCT = YES;
			};
			name = Release;
		};
		30303D642A923A1400616668 /* Debug */ = {
			isa = XCBuildConfiguration;
			buildSettings = {
				ASSETCATALOG_COMPILER_APPICON_NAME = AppIcon;
				ASSETCATALOG_COMPILER_GLOBAL_ACCENT_COLOR_NAME = AccentColor;
				CODE_SIGN_STYLE = Automatic;
				CURRENT_PROJECT_VERSION = 1;
				DEVELOPMENT_TEAM = 4CA6D5PFBX;
				GENERATE_INFOPLIST_FILE = YES;
				INFOPLIST_FILE = "Save Picture And Detail/SupportingFiles/Info.plist";
				INFOPLIST_KEY_UIApplicationSupportsIndirectInputEvents = YES;
				INFOPLIST_KEY_UILaunchStoryboardName = LaunchScreen;
				INFOPLIST_KEY_UIMainStoryboardFile = Main;
				INFOPLIST_KEY_UISupportedInterfaceOrientations_iPad = "UIInterfaceOrientationPortrait UIInterfaceOrientationPortraitUpsideDown UIInterfaceOrientationLandscapeLeft UIInterfaceOrientationLandscapeRight";
				INFOPLIST_KEY_UISupportedInterfaceOrientations_iPhone = "UIInterfaceOrientationPortrait UIInterfaceOrientationLandscapeLeft UIInterfaceOrientationLandscapeRight";
				LD_RUNPATH_SEARCH_PATHS = (
					"$(inherited)",
					"@executable_path/Frameworks",
				);
				MARKETING_VERSION = 1.0;
				PRODUCT_BUNDLE_IDENTIFIER = "com.burakaydin.Save-Picture-And-Detail";
				PRODUCT_NAME = "$(TARGET_NAME)";
				SWIFT_EMIT_LOC_STRINGS = YES;
				SWIFT_VERSION = 5.0;
				TARGETED_DEVICE_FAMILY = "1,2";
			};
			name = Debug;
		};
		30303D652A923A1400616668 /* Release */ = {
			isa = XCBuildConfiguration;
			buildSettings = {
				ASSETCATALOG_COMPILER_APPICON_NAME = AppIcon;
				ASSETCATALOG_COMPILER_GLOBAL_ACCENT_COLOR_NAME = AccentColor;
				CODE_SIGN_STYLE = Automatic;
				CURRENT_PROJECT_VERSION = 1;
				DEVELOPMENT_TEAM = 4CA6D5PFBX;
				GENERATE_INFOPLIST_FILE = YES;
				INFOPLIST_FILE = "Save Picture And Detail/SupportingFiles/Info.plist";
				INFOPLIST_KEY_UIApplicationSupportsIndirectInputEvents = YES;
				INFOPLIST_KEY_UILaunchStoryboardName = LaunchScreen;
				INFOPLIST_KEY_UIMainStoryboardFile = Main;
				INFOPLIST_KEY_UISupportedInterfaceOrientations_iPad = "UIInterfaceOrientationPortrait UIInterfaceOrientationPortraitUpsideDown UIInterfaceOrientationLandscapeLeft UIInterfaceOrientationLandscapeRight";
				INFOPLIST_KEY_UISupportedInterfaceOrientations_iPhone = "UIInterfaceOrientationPortrait UIInterfaceOrientationLandscapeLeft UIInterfaceOrientationLandscapeRight";
				LD_RUNPATH_SEARCH_PATHS = (
					"$(inherited)",
					"@executable_path/Frameworks",
				);
				MARKETING_VERSION = 1.0;
				PRODUCT_BUNDLE_IDENTIFIER = "com.burakaydin.Save-Picture-And-Detail";
				PRODUCT_NAME = "$(TARGET_NAME)";
				SWIFT_EMIT_LOC_STRINGS = YES;
				SWIFT_VERSION = 5.0;
				TARGETED_DEVICE_FAMILY = "1,2";
			};
			name = Release;
		};
/* End XCBuildConfiguration section */

/* Begin XCConfigurationList section */
		30303D472A923A1200616668 /* Build configuration list for PBXProject "Save Picture And Detail" */ = {
			isa = XCConfigurationList;
			buildConfigurations = (
				30303D612A923A1400616668 /* Debug */,
				30303D622A923A1400616668 /* Release */,
			);
			defaultConfigurationIsVisible = 0;
			defaultConfigurationName = Release;
		};
		30303D632A923A1400616668 /* Build configuration list for PBXNativeTarget "Save Picture And Detail" */ = {
			isa = XCConfigurationList;
			buildConfigurations = (
				30303D642A923A1400616668 /* Debug */,
				30303D652A923A1400616668 /* Release */,
			);
			defaultConfigurationIsVisible = 0;
			defaultConfigurationName = Release;
		};
/* End XCConfigurationList section */

/* Begin XCVersionGroup section */
		30303D582A923A1300616668 /* Save_Picture_And_Detail.xcdatamodeld */ = {
			isa = XCVersionGroup;
			children = (
				30303D592A923A1300616668 /* Save_Picture_And_Detail.xcdatamodel */,
			);
			currentVersion = 30303D592A923A1300616668 /* Save_Picture_And_Detail.xcdatamodel */;
			path = Save_Picture_And_Detail.xcdatamodeld;
			sourceTree = "<group>";
			versionGroupType = wrapper.xcdatamodel;
		};
/* End XCVersionGroup section */
	};
	rootObject = 30303D442A923A1200616668 /* Project object */;
}
